
Microsoft Visual Studio Solution File, Format Version 12.00
# Visual Studio Version 17
VisualStudioVersion = 17.4.33213.308
MinimumVisualStudioVersion = 10.0.40219.1
Project("{9A19103F-16F7-4668-BE54-9A1E7A4F7556}") = "OpenClose", "OpenClose.csproj", "{B3201293-83C5-4A3F-83D9-882E259E5D03}"
EndProject
Project("{FAE04EC0-301F-11D3-BF4B-00C04F79EFBC}") = "OpenCloseWithInterface", "..\OpenCloseWithInterface\OpenCloseWithInterface.csproj", "{36FACC81-6F2E-4391-9D20-32C8ADE6BC36}"
EndProject
Global
	GlobalSection(SolutionConfigurationPlatforms) = preSolution
		Debug|Any CPU = Debug|Any CPU
		Release|Any CPU = Release|Any CPU
	EndGlobalSection
	GlobalSection(ProjectConfigurationPlatforms) = postSolution
		{B3201293-83C5-4A3F-83D9-882E259E5D03}.Debug|Any CPU.ActiveCfg = Debug|Any CPU
		{B3201293-83C5-4A3F-83D9-882E259E5D03}.Debug|Any CPU.Build.0 = Debug|Any CPU
		{B3201293-83C5-4A3F-83D9-882E259E5D03}.Release|Any CPU.ActiveCfg = Release|Any CPU
		{B3201293-83C5-4A3F-83D9-882E259E5D03}.Release|Any CPU.Build.0 = Release|Any CPU
		{36FACC81-6F2E-4391-9D20-32C8ADE6BC36}.Debug|Any CPU.ActiveCfg = Debug|Any CPU
		{36FACC81-6F2E-4391-9D20-32C8ADE6BC36}.Debug|Any CPU.Build.0 = Debug|Any CPU
		{36FACC81-6F2E-4391-9D20-32C8ADE6BC36}.Release|Any CPU.ActiveCfg = Release|Any CPU
		{36FACC81-6F2E-4391-9D20-32C8ADE6BC36}.Release|Any CPU.Build.0 = Release|Any CPU
	EndGlobalSection
	GlobalSection(SolutionProperties) = preSolution
		HideSolutionNode = FALSE
	EndGlobalSection
	GlobalSection(ExtensibilityGlobals) = postSolution
		SolutionGuid = {0633EDA5-D8FD-43A9-9267-CF5C7026C33E}
	EndGlobalSection
EndGlobal
